
Microsoft Visual Studio Solution File, Format Version 12.00
# Visual Studio Version 16
VisualStudioVersion = 16.0.29409.12
MinimumVisualStudioVersion = 15.0.26124.0
Project("{9A19103F-16F7-4668-BE54-9A1E7A4F7556}") = "Reply.Api", "Reply.Api\Reply.Api.csproj", "{3D3213CF-6F9B-4F45-803D-D7EB76BC12BB}"
EndProject
Project("{9A19103F-16F7-4668-BE54-9A1E7A4F7556}") = "Reply.Domain", "Reply.Domain\Reply.Domain.csproj", "{32221710-C0D7-42E3-9BC3-277352A5E88F}"
EndProject
Project("{9A19103F-16F7-4668-BE54-9A1E7A4F7556}") = "Reply.Shared", "Reply.Shared\Reply.Shared.csproj", "{76AE1FE0-9BF3-4B61-91B6-3C7B6E40D942}"
EndProject
Project("{FAE04EC0-301F-11D3-BF4B-00C04F79EFBC}") = "Reply.Tests", "Reply.Tests\Reply.Tests.csproj", "{CBB7C386-5071-4F08-80D4-BC6CF4FBE2E3}"
EndProject
Global
	GlobalSection(SolutionConfigurationPlatforms) = preSolution
		Debug|Any CPU = Debug|Any CPU
		Debug|x64 = Debug|x64
		Debug|x86 = Debug|x86
		Release|Any CPU = Release|Any CPU
		Release|x64 = Release|x64
		Release|x86 = Release|x86
	EndGlobalSection
	GlobalSection(ProjectConfigurationPlatforms) = postSolution
		{3D3213CF-6F9B-4F45-803D-D7EB76BC12BB}.Debug|Any CPU.ActiveCfg = Debug|Any CPU
		{3D3213CF-6F9B-4F45-803D-D7EB76BC12BB}.Debug|Any CPU.Build.0 = Debug|Any CPU
		{3D3213CF-6F9B-4F45-803D-D7EB76BC12BB}.Debug|x64.ActiveCfg = Debug|Any CPU
		{3D3213CF-6F9B-4F45-803D-D7EB76BC12BB}.Debug|x64.Build.0 = Debug|Any CPU
		{3D3213CF-6F9B-4F45-803D-D7EB76BC12BB}.Debug|x86.ActiveCfg = Debug|Any CPU
		{3D3213CF-6F9B-4F45-803D-D7EB76BC12BB}.Debug|x86.Build.0 = Debug|Any CPU
		{3D3213CF-6F9B-4F45-803D-D7EB76BC12BB}.Release|Any CPU.ActiveCfg = Release|Any CPU
		{3D3213CF-6F9B-4F45-803D-D7EB76BC12BB}.Release|Any CPU.Build.0 = Release|Any CPU
		{3D3213CF-6F9B-4F45-803D-D7EB76BC12BB}.Release|x64.ActiveCfg = Release|Any CPU
		{3D3213CF-6F9B-4F45-803D-D7EB76BC12BB}.Release|x64.Build.0 = Release|Any CPU
		{3D3213CF-6F9B-4F45-803D-D7EB76BC12BB}.Release|x86.ActiveCfg = Release|Any CPU
		{3D3213CF-6F9B-4F45-803D-D7EB76BC12BB}.Release|x86.Build.0 = Release|Any CPU
		{32221710-C0D7-42E3-9BC3-277352A5E88F}.Debug|Any CPU.ActiveCfg = Debug|Any CPU
		{32221710-C0D7-42E3-9BC3-277352A5E88F}.Debug|Any CPU.Build.0 = Debug|Any CPU
		{32221710-C0D7-42E3-9BC3-277352A5E88F}.Debug|x64.ActiveCfg = Debug|Any CPU
		{32221710-C0D7-42E3-9BC3-277352A5E88F}.Debug|x64.Build.0 = Debug|Any CPU
		{32221710-C0D7-42E3-9BC3-277352A5E88F}.Debug|x86.ActiveCfg = Debug|Any CPU
		{32221710-C0D7-42E3-9BC3-277352A5E88F}.Debug|x86.Build.0 = Debug|Any CPU
		{32221710-C0D7-42E3-9BC3-277352A5E88F}.Release|Any CPU.ActiveCfg = Release|Any CPU
		{32221710-C0D7-42E3-9BC3-277352A5E88F}.Release|Any CPU.Build.0 = Release|Any CPU
		{32221710-C0D7-42E3-9BC3-277352A5E88F}.Release|x64.ActiveCfg = Release|Any CPU
		{32221710-C0D7-42E3-9BC3-277352A5E88F}.Release|x64.Build.0 = Release|Any CPU
		{32221710-C0D7-42E3-9BC3-277352A5E88F}.Release|x86.ActiveCfg = Release|Any CPU
		{32221710-C0D7-42E3-9BC3-277352A5E88F}.Release|x86.Build.0 = Release|Any CPU
		{76AE1FE0-9BF3-4B61-91B6-3C7B6E40D942}.Debug|Any CPU.ActiveCfg = Debug|Any CPU
		{76AE1FE0-9BF3-4B61-91B6-3C7B6E40D942}.Debug|Any CPU.Build.0 = Debug|Any CPU
		{76AE1FE0-9BF3-4B61-91B6-3C7B6E40D942}.Debug|x64.ActiveCfg = Debug|Any CPU
		{76AE1FE0-9BF3-4B61-91B6-3C7B6E40D942}.Debug|x64.Build.0 = Debug|Any CPU
		{76AE1FE0-9BF3-4B61-91B6-3C7B6E40D942}.Debug|x86.ActiveCfg = Debug|Any CPU
		{76AE1FE0-9BF3-4B61-91B6-3C7B6E40D942}.Debug|x86.Build.0 = Debug|Any CPU
		{76AE1FE0-9BF3-4B61-91B6-3C7B6E40D942}.Release|Any CPU.ActiveCfg = Release|Any CPU
		{76AE1FE0-9BF3-4B61-91B6-3C7B6E40D942}.Release|Any CPU.Build.0 = Release|Any CPU
		{76AE1FE0-9BF3-4B61-91B6-3C7B6E40D942}.Release|x64.ActiveCfg = Release|Any CPU
		{76AE1FE0-9BF3-4B61-91B6-3C7B6E40D942}.Release|x64.Build.0 = Release|Any CPU
		{76AE1FE0-9BF3-4B61-91B6-3C7B6E40D942}.Release|x86.ActiveCfg = Release|Any CPU
		{76AE1FE0-9BF3-4B61-91B6-3C7B6E40D942}.Release|x86.Build.0 = Release|Any CPU
		{CBB7C386-5071-4F08-80D4-BC6CF4FBE2E3}.Debug|Any CPU.ActiveCfg = Debug|Any CPU
		{CBB7C386-5071-4F08-80D4-BC6CF4FBE2E3}.Debug|Any CPU.Build.0 = Debug|Any CPU
		{CBB7C386-5071-4F08-80D4-BC6CF4FBE2E3}.Debug|x64.ActiveCfg = Debug|Any CPU
		{CBB7C386-5071-4F08-80D4-BC6CF4FBE2E3}.Debug|x64.Build.0 = Debug|Any CPU
		{CBB7C386-5071-4F08-80D4-BC6CF4FBE2E3}.Debug|x86.ActiveCfg = Debug|Any CPU
		{CBB7C386-5071-4F08-80D4-BC6CF4FBE2E3}.Debug|x86.Build.0 = Debug|Any CPU
		{CBB7C386-5071-4F08-80D4-BC6CF4FBE2E3}.Release|Any CPU.ActiveCfg = Release|Any CPU
		{CBB7C386-5071-4F08-80D4-BC6CF4FBE2E3}.Release|Any CPU.Build.0 = Release|Any CPU
		{CBB7C386-5071-4F08-80D4-BC6CF4FBE2E3}.Release|x64.ActiveCfg = Release|Any CPU
		{CBB7C386-5071-4F08-80D4-BC6CF4FBE2E3}.Release|x64.Build.0 = Release|Any CPU
		{CBB7C386-5071-4F08-80D4-BC6CF4FBE2E3}.Release|x86.ActiveCfg = Release|Any CPU
		{CBB7C386-5071-4F08-80D4-BC6CF4FBE2E3}.Release|x86.Build.0 = Release|Any CPU
	EndGlobalSection
	GlobalSection(SolutionProperties) = preSolution
		HideSolutionNode = FALSE
	EndGlobalSection
	GlobalSection(ExtensibilityGlobals) = postSolution
		SolutionGuid = {0A59F709-C0EA-481D-82E9-14241AFA67B8}
	EndGlobalSection
EndGlobal
